// !$*UTF8*$!
{
	archiveVersion = 1;
	classes = {
	};
	objectVersion = 50;
	objects = {

/* Begin PBXBuildFile section */
		547D691A23F1699900DD2FF6 /* AppDelegate.swift in Sources */ = {isa = PBXBuildFile; fileRef = 547D691923F1699900DD2FF6 /* AppDelegate.swift */; };
		547D691C23F1699900DD2FF6 /* SceneDelegate.swift in Sources */ = {isa = PBXBuildFile; fileRef = 547D691B23F1699900DD2FF6 /* SceneDelegate.swift */; };
		547D691E23F1699900DD2FF6 /* ViewController.swift in Sources */ = {isa = PBXBuildFile; fileRef = 547D691D23F1699900DD2FF6 /* ViewController.swift */; };
		547D692123F1699900DD2FF6 /* Main.storyboard in Resources */ = {isa = PBXBuildFile; fileRef = 547D691F23F1699900DD2FF6 /* Main.storyboard */; };
		547D692323F1699A00DD2FF6 /* Assets.xcassets in Resources */ = {isa = PBXBuildFile; fileRef = 547D692223F1699A00DD2FF6 /* Assets.xcassets */; };
		547D692623F1699A00DD2FF6 /* LaunchScreen.storyboard in Resources */ = {isa = PBXBuildFile; fileRef = 547D692423F1699A00DD2FF6 /* LaunchScreen.storyboard */; };
		547D693123F1699A00DD2FF6 /* RxiOSTestTests.swift in Sources */ = {isa = PBXBuildFile; fileRef = 547D693023F1699A00DD2FF6 /* RxiOSTestTests.swift */; };
		547D693C23F1699A00DD2FF6 /* RxiOSTestUITests.swift in Sources */ = {isa = PBXBuildFile; fileRef = 547D693B23F1699A00DD2FF6 /* RxiOSTestUITests.swift */; };
/* End PBXBuildFile section */

/* Begin PBXContainerItemProxy section */
		547D692D23F1699A00DD2FF6 /* PBXContainerItemProxy */ = {
			isa = PBXContainerItemProxy;
			containerPortal = 547D690E23F1699900DD2FF6 /* Project object */;
			proxyType = 1;
			remoteGlobalIDString = 547D691523F1699900DD2FF6;
			remoteInfo = RxiOSTest;
		};
		547D693823F1699A00DD2FF6 /* PBXContainerItemProxy */ = {
			isa = PBXContainerItemProxy;
			containerPortal = 547D690E23F1699900DD2FF6 /* Project object */;
			proxyType = 1;
			remoteGlobalIDString = 547D691523F1699900DD2FF6;
			remoteInfo = RxiOSTest;
		};
/* End PBXContainerItemProxy section */

/* Begin PBXFileReference section */
		547D691623F1699900DD2FF6 /* RxiOSTest.app */ = {isa = PBXFileReference; explicitFileType = wrapper.application; includeInIndex = 0; path = RxiOSTest.app; sourceTree = BUILT_PRODUCTS_DIR; };
		547D691923F1699900DD2FF6 /* AppDelegate.swift */ = {isa = PBXFileReference; lastKnownFileType = sourcecode.swift; path = AppDelegate.swift; sourceTree = "<group>"; };
		547D691B23F1699900DD2FF6 /* SceneDelegate.swift */ = {isa = PBXFileReference; lastKnownFileType = sourcecode.swift; path = SceneDelegate.swift; sourceTree = "<group>"; };
		547D691D23F1699900DD2FF6 /* ViewController.swift */ = {isa = PBXFileReference; lastKnownFileType = sourcecode.swift; path = ViewController.swift; sourceTree = "<group>"; };
		547D692023F1699900DD2FF6 /* Base */ = {isa = PBXFileReference; lastKnownFileType = file.storyboard; name = Base; path = Base.lproj/Main.storyboard; sourceTree = "<group>"; };
		547D692223F1699A00DD2FF6 /* Assets.xcassets */ = {isa = PBXFileReference; lastKnownFileType = folder.assetcatalog; path = Assets.xcassets; sourceTree = "<group>"; };
		547D692523F1699A00DD2FF6 /* Base */ = {isa = PBXFileReference; lastKnownFileType = file.storyboard; name = Base; path = Base.lproj/LaunchScreen.storyboard; sourceTree = "<group>"; };
		547D692723F1699A00DD2FF6 /* Info.plist */ = {isa = PBXFileReference; lastKnownFileType = text.plist.xml; path = Info.plist; sourceTree = "<group>"; };
		547D692C23F1699A00DD2FF6 /* RxiOSTestTests.xctest */ = {isa = PBXFileReference; explicitFileType = wrapper.cfbundle; includeInIndex = 0; path = RxiOSTestTests.xctest; sourceTree = BUILT_PRODUCTS_DIR; };
		547D693023F1699A00DD2FF6 /* RxiOSTestTests.swift */ = {isa = PBXFileReference; lastKnownFileType = sourcecode.swift; path = RxiOSTestTests.swift; sourceTree = "<group>"; };
		547D693223F1699A00DD2FF6 /* Info.plist */ = {isa = PBXFileReference; lastKnownFileType = text.plist.xml; path = Info.plist; sourceTree = "<group>"; };
		547D693723F1699A00DD2FF6 /* RxiOSTestUITests.xctest */ = {isa = PBXFileReference; explicitFileType = wrapper.cfbundle; includeInIndex = 0; path = RxiOSTestUITests.xctest; sourceTree = BUILT_PRODUCTS_DIR; };
		547D693B23F1699A00DD2FF6 /* RxiOSTestUITests.swift */ = {isa = PBXFileReference; lastKnownFileType = sourcecode.swift; path = RxiOSTestUITests.swift; sourceTree = "<group>"; };
		547D693D23F1699A00DD2FF6 /* Info.plist */ = {isa = PBXFileReference; lastKnownFileType = text.plist.xml; path = Info.plist; sourceTree = "<group>"; };
/* End PBXFileReference section */

/* Begin PBXFrameworksBuildPhase section */
		547D691323F1699900DD2FF6 /* Frameworks */ = {
			isa = PBXFrameworksBuildPhase;
			buildActionMask = 2147483647;
			files = (
			);
			runOnlyForDeploymentPostprocessing = 0;
		};
		547D692923F1699A00DD2FF6 /* Frameworks */ = {
			isa = PBXFrameworksBuildPhase;
			buildActionMask = 2147483647;
			files = (
			);
			runOnlyForDeploymentPostprocessing = 0;
		};
		547D693423F1699A00DD2FF6 /* Frameworks */ = {
			isa = PBXFrameworksBuildPhase;
			buildActionMask = 2147483647;
			files = (
			);
			runOnlyForDeploymentPostprocessing = 0;
		};
/* End PBXFrameworksBuildPhase section */

/* Begin PBXGroup section */
		547D690D23F1699900DD2FF6 = {
			isa = PBXGroup;
			children = (
				547D691823F1699900DD2FF6 /* RxiOSTest */,
				547D692F23F1699A00DD2FF6 /* RxiOSTestTests */,
				547D693A23F1699A00DD2FF6 /* RxiOSTestUITests */,
				547D691723F1699900DD2FF6 /* Products */,
			);
			sourceTree = "<group>";
		};
		547D691723F1699900DD2FF6 /* Products */ = {
			isa = PBXGroup;
			children = (
				547D691623F1699900DD2FF6 /* RxiOSTest.app */,
				547D692C23F1699A00DD2FF6 /* RxiOSTestTests.xctest */,
				547D693723F1699A00DD2FF6 /* RxiOSTestUITests.xctest */,
			);
			name = Products;
			sourceTree = "<group>";
		};
		547D691823F1699900DD2FF6 /* RxiOSTest */ = {
			isa = PBXGroup;
			children = (
				547D691923F1699900DD2FF6 /* AppDelegate.swift */,
				547D691B23F1699900DD2FF6 /* SceneDelegate.swift */,
				547D691D23F1699900DD2FF6 /* ViewController.swift */,
				547D691F23F1699900DD2FF6 /* Main.storyboard */,
				547D692223F1699A00DD2FF6 /* Assets.xcassets */,
				547D692423F1699A00DD2FF6 /* LaunchScreen.storyboard */,
				547D692723F1699A00DD2FF6 /* Info.plist */,
			);
			path = RxiOSTest;
			sourceTree = "<group>";
		};
		547D692F23F1699A00DD2FF6 /* RxiOSTestTests */ = {
			isa = PBXGroup;
			children = (
				547D693023F1699A00DD2FF6 /* RxiOSTestTests.swift */,
				547D693223F1699A00DD2FF6 /* Info.plist */,
			);
			path = RxiOSTestTests;
			sourceTree = "<group>";
		};
		547D693A23F1699A00DD2FF6 /* RxiOSTestUITests */ = {
			isa = PBXGroup;
			children = (
				547D693B23F1699A00DD2FF6 /* RxiOSTestUITests.swift */,
				547D693D23F1699A00DD2FF6 /* Info.plist */,
			);
			path = RxiOSTestUITests;
			sourceTree = "<group>";
		};
/* End PBXGroup section */

/* Begin PBXNativeTarget section */
		547D691523F1699900DD2FF6 /* RxiOSTest */ = {
			isa = PBXNativeTarget;
			buildConfigurationList = 547D694023F1699A00DD2FF6 /* Build configuration list for PBXNativeTarget "RxiOSTest" */;
			buildPhases = (
				547D691223F1699900DD2FF6 /* Sources */,
				547D691323F1699900DD2FF6 /* Frameworks */,
				547D691423F1699900DD2FF6 /* Resources */,
			);
			buildRules = (
			);
			dependencies = (
			);
			name = RxiOSTest;
			productName = RxiOSTest;
			productReference = 547D691623F1699900DD2FF6 /* RxiOSTest.app */;
			productType = "com.apple.product-type.application";
		};
		547D692B23F1699A00DD2FF6 /* RxiOSTestTests */ = {
			isa = PBXNativeTarget;
			buildConfigurationList = 547D694323F1699A00DD2FF6 /* Build configuration list for PBXNativeTarget "RxiOSTestTests" */;
			buildPhases = (
				547D692823F1699A00DD2FF6 /* Sources */,
				547D692923F1699A00DD2FF6 /* Frameworks */,
				547D692A23F1699A00DD2FF6 /* Resources */,
			);
			buildRules = (
			);
			dependencies = (
				547D692E23F1699A00DD2FF6 /* PBXTargetDependency */,
			);
			name = RxiOSTestTests;
			productName = RxiOSTestTests;
			productReference = 547D692C23F1699A00DD2FF6 /* RxiOSTestTests.xctest */;
			productType = "com.apple.product-type.bundle.unit-test";
		};
		547D693623F1699A00DD2FF6 /* RxiOSTestUITests */ = {
			isa = PBXNativeTarget;
			buildConfigurationList = 547D694623F1699A00DD2FF6 /* Build configuration list for PBXNativeTarget "RxiOSTestUITests" */;
			buildPhases = (
				547D693323F1699A00DD2FF6 /* Sources */,
				547D693423F1699A00DD2FF6 /* Frameworks */,
				547D693523F1699A00DD2FF6 /* Resources */,
			);
			buildRules = (
			);
			dependencies = (
				547D693923F1699A00DD2FF6 /* PBXTargetDependency */,
			);
			name = RxiOSTestUITests;
			productName = RxiOSTestUITests;
			productReference = 547D693723F1699A00DD2FF6 /* RxiOSTestUITests.xctest */;
			productType = "com.apple.product-type.bundle.ui-testing";
		};
/* End PBXNativeTarget section */

/* Begin PBXProject section */
		547D690E23F1699900DD2FF6 /* Project object */ = {
			isa = PBXProject;
			attributes = {
				LastSwiftUpdateCheck = 1130;
				LastUpgradeCheck = 1130;
				ORGANIZATIONNAME = "David Zakharyan";
				TargetAttributes = {
					547D691523F1699900DD2FF6 = {
						CreatedOnToolsVersion = 11.3;
					};
					547D692B23F1699A00DD2FF6 = {
						CreatedOnToolsVersion = 11.3;
						TestTargetID = 547D691523F1699900DD2FF6;
					};
					547D693623F1699A00DD2FF6 = {
						CreatedOnToolsVersion = 11.3;
						TestTargetID = 547D691523F1699900DD2FF6;
					};
				};
			};
			buildConfigurationList = 547D691123F1699900DD2FF6 /* Build configuration list for PBXProject "RxiOSTest" */;
			compatibilityVersion = "Xcode 9.3";
			developmentRegion = en;
			hasScannedForEncodings = 0;
			knownRegions = (
				en,
				Base,
			);
			mainGroup = 547D690D23F1699900DD2FF6;
			productRefGroup = 547D691723F1699900DD2FF6 /* Products */;
			projectDirPath = "";
			projectRoot = "";
			targets = (
				547D691523F1699900DD2FF6 /* RxiOSTest */,
				547D692B23F1699A00DD2FF6 /* RxiOSTestTests */,
				547D693623F1699A00DD2FF6 /* RxiOSTestUITests */,
			);
		};
/* End PBXProject section */

/* Begin PBXResourcesBuildPhase section */
		547D691423F1699900DD2FF6 /* Resources */ = {
			isa = PBXResourcesBuildPhase;
			buildActionMask = 2147483647;
			files = (
				547D692623F1699A00DD2FF6 /* LaunchScreen.storyboard in Resources */,
				547D692323F1699A00DD2FF6 /* Assets.xcassets in Resources */,
				547D692123F1699900DD2FF6 /* Main.storyboard in Resources */,
			);
			runOnlyForDeploymentPostprocessing = 0;
		};
		547D692A23F1699A00DD2FF6 /* Resources */ = {
			isa = PBXResourcesBuildPhase;
			buildActionMask = 2147483647;
			files = (
			);
			runOnlyForDeploymentPostprocessing = 0;
		};
		547D693523F1699A00DD2FF6 /* Resources */ = {
			isa = PBXResourcesBuildPhase;
			buildActionMask = 2147483647;
			files = (
			);
			runOnlyForDeploymentPostprocessing = 0;
		};
/* End PBXResourcesBuildPhase section */

/* Begin PBXSourcesBuildPhase section */
		547D691223F1699900DD2FF6 /* Sources */ = {
			isa = PBXSourcesBuildPhase;
			buildActionMask = 2147483647;
			files = (
				547D691E23F1699900DD2FF6 /* ViewController.swift in Sources */,
				547D691A23F1699900DD2FF6 /* AppDelegate.swift in Sources */,
				547D691C23F1699900DD2FF6 /* SceneDelegate.swift in Sources */,
			);
			runOnlyForDeploymentPostprocessing = 0;
		};
		547D692823F1699A00DD2FF6 /* Sources */ = {
			isa = PBXSourcesBuildPhase;
			buildActionMask = 2147483647;
			files = (
				547D693123F1699A00DD2FF6 /* RxiOSTestTests.swift in Sources */,
			);
			runOnlyForDeploymentPostprocessing = 0;
		};
		547D693323F1699A00DD2FF6 /* Sources */ = {
			isa = PBXSourcesBuildPhase;
			buildActionMask = 2147483647;
			files = (
				547D693C23F1699A00DD2FF6 /* RxiOSTestUITests.swift in Sources */,
			);
			runOnlyForDeploymentPostprocessing = 0;
		};
/* End PBXSourcesBuildPhase section */

/* Begin PBXTargetDependency section */
		547D692E23F1699A00DD2FF6 /* PBXTargetDependency */ = {
			isa = PBXTargetDependency;
			target = 547D691523F1699900DD2FF6 /* RxiOSTest */;
			targetProxy = 547D692D23F1699A00DD2FF6 /* PBXContainerItemProxy */;
		};
		547D693923F1699A00DD2FF6 /* PBXTargetDependency */ = {
			isa = PBXTargetDependency;
			target = 547D691523F1699900DD2FF6 /* RxiOSTest */;
			targetProxy = 547D693823F1699A00DD2FF6 /* PBXContainerItemProxy */;
		};
/* End PBXTargetDependency section */

/* Begin PBXVariantGroup section */
		547D691F23F1699900DD2FF6 /* Main.storyboard */ = {
			isa = PBXVariantGroup;
			children = (
				547D692023F1699900DD2FF6 /* Base */,
			);
			name = Main.storyboard;
			sourceTree = "<group>";
		};
		547D692423F1699A00DD2FF6 /* LaunchScreen.storyboard */ = {
			isa = PBXVariantGroup;
			children = (
				547D692523F1699A00DD2FF6 /* Base */,
			);
			name = LaunchScreen.storyboard;
			sourceTree = "<group>";
		};
/* End PBXVariantGroup section */

/* Begin XCBuildConfiguration section */
		547D693E23F1699A00DD2FF6 /* Debug */ = {
			isa = XCBuildConfiguration;
			buildSettings = {
				ALWAYS_SEARCH_USER_PATHS = NO;
				CLANG_ANALYZER_NONNULL = YES;
				CLANG_ANALYZER_NUMBER_OBJECT_CONVERSION = YES_AGGRESSIVE;
				CLANG_CXX_LANGUAGE_STANDARD = "gnu++14";
				CLANG_CXX_LIBRARY = "libc++";
				CLANG_ENABLE_MODULES = YES;
				CLANG_ENABLE_OBJC_ARC = YES;
				CLANG_ENABLE_OBJC_WEAK = YES;
				CLANG_WARN_BLOCK_CAPTURE_AUTORELEASING = YES;
				CLANG_WARN_BOOL_CONVERSION = YES;
				CLANG_WARN_COMMA = YES;
				CLANG_WARN_CONSTANT_CONVERSION = YES;
				CLANG_WARN_DEPRECATED_OBJC_IMPLEMENTATIONS = YES;
				CLANG_WARN_DIRECT_OBJC_ISA_USAGE = YES_ERROR;
				CLANG_WARN_DOCUMENTATION_COMMENTS = YES;
				CLANG_WARN_EMPTY_BODY = YES;
				CLANG_WARN_ENUM_CONVERSION = YES;
				CLANG_WARN_INFINITE_RECURSION = YES;
				CLANG_WARN_INT_CONVERSION = YES;
				CLANG_WARN_NON_LITERAL_NULL_CONVERSION = YES;
				CLANG_WARN_OBJC_IMPLICIT_RETAIN_SELF = YES;
				CLANG_WARN_OBJC_LITERAL_CONVERSION = YES;
				CLANG_WARN_OBJC_ROOT_CLASS = YES_ERROR;
				CLANG_WARN_RANGE_LOOP_ANALYSIS = YES;
				CLANG_WARN_STRICT_PROTOTYPES = YES;
				CLANG_WARN_SUSPICIOUS_MOVE = YES;
				CLANG_WARN_UNGUARDED_AVAILABILITY = YES_AGGRESSIVE;
				CLANG_WARN_UNREACHABLE_CODE = YES;
				CLANG_WARN__DUPLICATE_METHOD_MATCH = YES;
				COPY_PHASE_STRIP = NO;
				DEBUG_INFORMATION_FORMAT = dwarf;
				ENABLE_STRICT_OBJC_MSGSEND = YES;
				ENABLE_TESTABILITY = YES;
				GCC_C_LANGUAGE_STANDARD = gnu11;
				GCC_DYNAMIC_NO_PIC = NO;
				GCC_NO_COMMON_BLOCKS = YES;
				GCC_OPTIMIZATION_LEVEL = 0;
				GCC_PREPROCESSOR_DEFINITIONS = (
					"DEBUG=1",
					"$(inherited)",
				);
				GCC_WARN_64_TO_32_BIT_CONVERSION = YES;
				GCC_WARN_ABOUT_RETURN_TYPE = YES_ERROR;
				GCC_WARN_UNDECLARED_SELECTOR = YES;
				GCC_WARN_UNINITIALIZED_AUTOS = YES_AGGRESSIVE;
				GCC_WARN_UNUSED_FUNCTION = YES;
				GCC_WARN_UNUSED_VARIABLE = YES;
				IPHONEOS_DEPLOYMENT_TARGET = 13.2;
				MTL_ENABLE_DEBUG_INFO = INCLUDE_SOURCE;
				MTL_FAST_MATH = YES;
				ONLY_ACTIVE_ARCH = YES;
				SDKROOT = iphoneos;
				SWIFT_ACTIVE_COMPILATION_CONDITIONS = DEBUG;
				SWIFT_OPTIMIZATION_LEVEL = "-Onone";
			};
			name = Debug;
		};
		547D693F23F1699A00DD2FF6 /* Release */ = {
			isa = XCBuildConfiguration;
			buildSettings = {
				ALWAYS_SEARCH_USER_PATHS = NO;
				CLANG_ANALYZER_NONNULL = YES;
				CLANG_ANALYZER_NUMBER_OBJECT_CONVERSION = YES_AGGRESSIVE;
				CLANG_CXX_LANGUAGE_STANDARD = "gnu++14";
				CLANG_CXX_LIBRARY = "libc++";
				CLANG_ENABLE_MODULES = YES;
				CLANG_ENABLE_OBJC_ARC = YES;
				CLANG_ENABLE_OBJC_WEAK = YES;
				CLANG_WARN_BLOCK_CAPTURE_AUTORELEASING = YES;
				CLANG_WARN_BOOL_CONVERSION = YES;
				CLANG_WARN_COMMA = YES;
				CLANG_WARN_CONSTANT_CONVERSION = YES;
				CLANG_WARN_DEPRECATED_OBJC_IMPLEMENTATIONS = YES;
				CLANG_WARN_DIRECT_OBJC_ISA_USAGE = YES_ERROR;
				CLANG_WARN_DOCUMENTATION_COMMENTS = YES;
				CLANG_WARN_EMPTY_BODY = YES;
				CLANG_WARN_ENUM_CONVERSION = YES;
				CLANG_WARN_INFINITE_RECURSION = YES;
				CLANG_WARN_INT_CONVERSION = YES;
				CLANG_WARN_NON_LITERAL_NULL_CONVERSION = YES;
				CLANG_WARN_OBJC_IMPLICIT_RETAIN_SELF = YES;
				CLANG_WARN_OBJC_LITERAL_CONVERSION = YES;
				CLANG_WARN_OBJC_ROOT_CLASS = YES_ERROR;
				CLANG_WARN_RANGE_LOOP_ANALYSIS = YES;
				CLANG_WARN_STRICT_PROTOTYPES = YES;
				CLANG_WARN_SUSPICIOUS_MOVE = YES;
				CLANG_WARN_UNGUARDED_AVAILABILITY = YES_AGGRESSIVE;
				CLANG_WARN_UNREACHABLE_CODE = YES;
				CLANG_WARN__DUPLICATE_METHOD_MATCH = YES;
				COPY_PHASE_STRIP = NO;
				DEBUG_INFORMATION_FORMAT = "dwarf-with-dsym";
				ENABLE_NS_ASSERTIONS = NO;
				ENABLE_STRICT_OBJC_MSGSEND = YES;
				GCC_C_LANGUAGE_STANDARD = gnu11;
				GCC_NO_COMMON_BLOCKS = YES;
				GCC_WARN_64_TO_32_BIT_CONVERSION = YES;
				GCC_WARN_ABOUT_RETURN_TYPE = YES_ERROR;
				GCC_WARN_UNDECLARED_SELECTOR = YES;
				GCC_WARN_UNINITIALIZED_AUTOS = YES_AGGRESSIVE;
				GCC_WARN_UNUSED_FUNCTION = YES;
				GCC_WARN_UNUSED_VARIABLE = YES;
				IPHONEOS_DEPLOYMENT_TARGET = 13.2;
				MTL_ENABLE_DEBUG_INFO = NO;
				MTL_FAST_MATH = YES;
				SDKROOT = iphoneos;
				SWIFT_COMPILATION_MODE = wholemodule;
				SWIFT_OPTIMIZATION_LEVEL = "-O";
				VALIDATE_PRODUCT = YES;
			};
			name = Release;
		};
		547D694123F1699A00DD2FF6 /* Debug */ = {
			isa = XCBuildConfiguration;
			buildSettings = {
				ASSETCATALOG_COMPILER_APPICON_NAME = AppIcon;
				CODE_SIGN_STYLE = Automatic;
				INFOPLIST_FILE = RxiOSTest/Info.plist;
				LD_RUNPATH_SEARCH_PATHS = (
					"$(inherited)",
					"@executable_path/Frameworks",
				);
				PRODUCT_BUNDLE_IDENTIFIER = com.mradmin.RxiOSTest;
				PRODUCT_NAME = "$(TARGET_NAME)";
				SWIFT_VERSION = 5.0;
				TARGETED_DEVICE_FAMILY = "1,2";
			};
			name = Debug;
		};
		547D694223F1699A00DD2FF6 /* Release */ = {
			isa = XCBuildConfiguration;
			buildSettings = {
				ASSETCATALOG_COMPILER_APPICON_NAME = AppIcon;
				CODE_SIGN_STYLE = Automatic;
				INFOPLIST_FILE = RxiOSTest/Info.plist;
				LD_RUNPATH_SEARCH_PATHS = (
					"$(inherited)",
					"@executable_path/Frameworks",
				);
				PRODUCT_BUNDLE_IDENTIFIER = com.mradmin.RxiOSTest;
				PRODUCT_NAME = "$(TARGET_NAME)";
				SWIFT_VERSION = 5.0;
				TARGETED_DEVICE_FAMILY = "1,2";
			};
			name = Release;
		};
		547D694423F1699A00DD2FF6 /* Debug */ = {
			isa = XCBuildConfiguration;
			buildSettings = {
				ALWAYS_EMBED_SWIFT_STANDARD_LIBRARIES = YES;
				BUNDLE_LOADER = "$(TEST_HOST)";
				CODE_SIGN_STYLE = Automatic;
				INFOPLIST_FILE = RxiOSTestTests/Info.plist;
				IPHONEOS_DEPLOYMENT_TARGET = 13.2;
				LD_RUNPATH_SEARCH_PATHS = (
					"$(inherited)",
					"@executable_path/Frameworks",
					"@loader_path/Frameworks",
				);
				PRODUCT_BUNDLE_IDENTIFIER = com.mradmin.RxiOSTestTests;
				PRODUCT_NAME = "$(TARGET_NAME)";
				SWIFT_VERSION = 5.0;
				TARGETED_DEVICE_FAMILY = "1,2";
				TEST_HOST = "$(BUILT_PRODUCTS_DIR)/RxiOSTest.app/RxiOSTest";
			};
			name = Debug;
		};
		547D694523F1699A00DD2FF6 /* Release */ = {
			isa = XCBuildConfiguration;
			buildSettings = {
				ALWAYS_EMBED_SWIFT_STANDARD_LIBRARIES = YES;
				BUNDLE_LOADER = "$(TEST_HOST)";
				CODE_SIGN_STYLE = Automatic;
				INFOPLIST_FILE = RxiOSTestTests/Info.plist;
				IPHONEOS_DEPLOYMENT_TARGET = 13.2;
				LD_RUNPATH_SEARCH_PATHS = (
					"$(inherited)",
					"@executable_path/Frameworks",
					"@loader_path/Frameworks",
				);
				PRODUCT_BUNDLE_IDENTIFIER = com.mradmin.RxiOSTestTests;
				PRODUCT_NAME = "$(TARGET_NAME)";
				SWIFT_VERSION = 5.0;
				TARGETED_DEVICE_FAMILY = "1,2";
				TEST_HOST = "$(BUILT_PRODUCTS_DIR)/RxiOSTest.app/RxiOSTest";
			};
			name = Release;
		};
		547D694723F1699A00DD2FF6 /* Debug */ = {
			isa = XCBuildConfiguration;
			buildSettings = {
				ALWAYS_EMBED_SWIFT_STANDARD_LIBRARIES = YES;
				CODE_SIGN_STYLE = Automatic;
				INFOPLIST_FILE = RxiOSTestUITests/Info.plist;
				LD_RUNPATH_SEARCH_PATHS = (
					"$(inherited)",
					"@executable_path/Frameworks",
					"@loader_path/Frameworks",
				);
				PRODUCT_BUNDLE_IDENTIFIER = com.mradmin.RxiOSTestUITests;
				PRODUCT_NAME = "$(TARGET_NAME)";
				SWIFT_VERSION = 5.0;
				TARGETED_DEVICE_FAMILY = "1,2";
				TEST_TARGET_NAME = RxiOSTest;
			};
			name = Debug;
		};
		547D694823F1699A00DD2FF6 /* Release */ = {
			isa = XCBuildConfiguration;
			buildSettings = {
				ALWAYS_EMBED_SWIFT_STANDARD_LIBRARIES = YES;
				CODE_SIGN_STYLE = Automatic;
				INFOPLIST_FILE = RxiOSTestUITests/Info.plist;
				LD_RUNPATH_SEARCH_PATHS = (
					"$(inherited)",
					"@executable_path/Frameworks",
					"@loader_path/Frameworks",
				);
				PRODUCT_BUNDLE_IDENTIFIER = com.mradmin.RxiOSTestUITests;
				PRODUCT_NAME = "$(TARGET_NAME)";
				SWIFT_VERSION = 5.0;
				TARGETED_DEVICE_FAMILY = "1,2";
				TEST_TARGET_NAME = RxiOSTest;
			};
			name = Release;
		};
/* End XCBuildConfiguration section */

/* Begin XCConfigurationList section */
		547D691123F1699900DD2FF6 /* Build configuration list for PBXProject "RxiOSTest" */ = {
			isa = XCConfigurationList;
			buildConfigurations = (
				547D693E23F1699A00DD2FF6 /* Debug */,
				547D693F23F1699A00DD2FF6 /* Release */,
			);
			defaultConfigurationIsVisible = 0;
			defaultConfigurationName = Release;
		};
		547D694023F1699A00DD2FF6 /* Build configuration list for PBXNativeTarget "RxiOSTest" */ = {
			isa = XCConfigurationList;
			buildConfigurations = (
				547D694123F1699A00DD2FF6 /* Debug */,
				547D694223F1699A00DD2FF6 /* Release */,
			);
			defaultConfigurationIsVisible = 0;
			defaultConfigurationName = Release;
		};
		547D694323F1699A00DD2FF6 /* Build configuration list for PBXNativeTarget "RxiOSTestTests" */ = {
			isa = XCConfigurationList;
			buildConfigurations = (
				547D694423F1699A00DD2FF6 /* Debug */,
				547D694523F1699A00DD2FF6 /* Release */,
			);
			defaultConfigurationIsVisible = 0;
			defaultConfigurationName = Release;
		};
		547D694623F1699A00DD2FF6 /* Build configuration list for PBXNativeTarget "RxiOSTestUITests" */ = {
			isa = XCConfigurationList;
			buildConfigurations = (
				547D694723F1699A00DD2FF6 /* Debug */,
				547D694823F1699A00DD2FF6 /* Release */,
			);
			defaultConfigurationIsVisible = 0;
			defaultConfigurationName = Release;
		};
/* End XCConfigurationList section */
	};
	rootObject = 547D690E23F1699900DD2FF6 /* Project object */;
}
